
Microsoft Visual Studio Solution File, Format Version 12.00
# Visual Studio Version 17
VisualStudioVersion = 17.0.32014.148
MinimumVisualStudioVersion = 10.0.40219.1
Project("{8BC9CEB8-8B4A-11D0-8D11-00A0C91BC942}") = "RayTracingTest", "RayTracingTest\RayTracingTest.vcxproj", "{16123B94-E4D1-4F1A-A42B-035EC0A620A1}"
EndProject
Project("{8BC9CEB8-8B4A-11D0-8D11-00A0C91BC942}") = "RayTracing", "RayTracing\RayTracing.vcxproj", "{0EC4CC38-0A30-42A4-9B8D-8659270D8451}"
EndProject
Project("{2150E333-8FDC-42A3-9474-1A3956D46DE8}") = "Solution Items", "Solution Items", "{3C08C905-333D-4891-B9B9-224293726D89}"
	ProjectSection(SolutionItems) = preProject
		.gitignore = .gitignore
		cpp_core_guidelines.ruleset = cpp_core_guidelines.ruleset
		vcpkg.json = vcpkg.json
	EndProjectSection
EndProject
Global
	GlobalSection(SolutionConfigurationPlatforms) = preSolution
		Debug|x64 = Debug|x64
		Debug|x86 = Debug|x86
		Release|x64 = Release|x64
		Release|x86 = Release|x86
	EndGlobalSection
	GlobalSection(ProjectConfigurationPlatforms) = postSolution
		{16123B94-E4D1-4F1A-A42B-035EC0A620A1}.Debug|x64.ActiveCfg = Debug|x64
		{16123B94-E4D1-4F1A-A42B-035EC0A620A1}.Debug|x64.Build.0 = Debug|x64
		{16123B94-E4D1-4F1A-A42B-035EC0A620A1}.Debug|x86.ActiveCfg = Debug|Win32
		{16123B94-E4D1-4F1A-A42B-035EC0A620A1}.Debug|x86.Build.0 = Debug|Win32
		{16123B94-E4D1-4F1A-A42B-035EC0A620A1}.Release|x64.ActiveCfg = Release|x64
		{16123B94-E4D1-4F1A-A42B-035EC0A620A1}.Release|x64.Build.0 = Release|x64
		{16123B94-E4D1-4F1A-A42B-035EC0A620A1}.Release|x86.ActiveCfg = Release|Win32
		{16123B94-E4D1-4F1A-A42B-035EC0A620A1}.Release|x86.Build.0 = Release|Win32
		{0EC4CC38-0A30-42A4-9B8D-8659270D8451}.Debug|x64.ActiveCfg = Debug|x64
		{0EC4CC38-0A30-42A4-9B8D-8659270D8451}.Debug|x64.Build.0 = Debug|x64
		{0EC4CC38-0A30-42A4-9B8D-8659270D8451}.Debug|x86.ActiveCfg = Debug|Win32
		{0EC4CC38-0A30-42A4-9B8D-8659270D8451}.Debug|x86.Build.0 = Debug|Win32
		{0EC4CC38-0A30-42A4-9B8D-8659270D8451}.Release|x64.ActiveCfg = Release|x64
		{0EC4CC38-0A30-42A4-9B8D-8659270D8451}.Release|x64.Build.0 = Release|x64
		{0EC4CC38-0A30-42A4-9B8D-8659270D8451}.Release|x86.ActiveCfg = Release|Win32
		{0EC4CC38-0A30-42A4-9B8D-8659270D8451}.Release|x86.Build.0 = Release|Win32
	EndGlobalSection
	GlobalSection(SolutionProperties) = preSolution
		HideSolutionNode = FALSE
	EndGlobalSection
	GlobalSection(ExtensibilityGlobals) = postSolution
		SolutionGuid = {50B3A317-52A6-4F37-921A-32CC2602FEF6}
	EndGlobalSection
EndGlobal
