<?xml version="1.0" encoding="utf-8"?>
<Project ToolsVersion="4.0" xmlns="http://schemas.microsoft.com/developer/msbuild/2003">
  <ItemGroup>
    <Filter Include="img">
      <UniqueIdentifier>{fcf40063-947d-4170-b7bf-5388f41e4add}</UniqueIdentifier>
    </Filter>
    <Filter Include="src">
      <UniqueIdentifier>{d2431ff2-604f-46c9-8fba-f6de0148780f}</UniqueIdentifier>
    </Filter>
    <Filter Include="src\rt">
      <UniqueIdentifier>{f10d9dbf-ac9e-4819-b38b-3258bad5b7a9}</UniqueIdentifier>
    </Filter>
  </ItemGroup>
  <ItemGroup>
    <ClInclude Include="src\rt\image.cuh">
      <Filter>src\rt</Filter>
    </ClInclude>
    <ClInclude Include="src\rt\ray.cuh">
      <Filter>src\rt</Filter>
    </ClInclude>
    <ClInclude Include="src\rt\camera.cuh">
      <Filter>src\rt</Filter>
    </ClInclude>
    <ClInclude Include="src\rt\sphere.cuh">
      <Filter>src\rt</Filter>
    </ClInclude>
    <ClInclude Include="src\rt\intersection.cuh">
      <Filter>src\rt</Filter>
    </ClInclude>
    <ClInclude Include="src\cuda_error_check.cuh">
      <Filter>src</Filter>
    </ClInclude>
    <ClInclude Include="src\cuda_managed.cuh">
      <Filter>src</Filter>
    </ClInclude>
    <ClInclude Include="src\rt\material.cuh">
      <Filter>src\rt</Filter>
    </ClInclude>
    <ClInclude Include="src\rt\material.cuh">
      <Filter>src\rt</Filter>
    </ClInclude>
    <ClInclude Include="src\rt\scene.cuh">
      <Filter>src\rt</Filter>
    </ClInclude>
  </ItemGroup>
  <ItemGroup>
    <Image Include="img\ch2.png">
      <Filter>img</Filter>
    </Image>
    <Image Include="img\ch4.png">
      <Filter>img</Filter>
    </Image>
    <Image Include="img\ch5.png">
      <Filter>img</Filter>
    </Image>
    <Image Include="img\ch6.png">
      <Filter>img</Filter>
    </Image>
    <Image Include="img\ch7.png">
      <Filter>img</Filter>
    </Image>
    <Image Include="img\ch8.png">
      <Filter>img</Filter>
    </Image>
    <Image Include="img\ch9.png">
      <Filter>img</Filter>
    </Image>
    <Image Include="img\ch10.png">
      <Filter>img</Filter>
    </Image>
  </ItemGroup>
  <ItemGroup>
    <CudaCompile Include="src\main.cu">
      <Filter>src</Filter>
    </CudaCompile>
  </ItemGroup>
</Project>